
Microsoft Visual Studio Solution File, Format Version 12.00
# Visual Studio Version 16
VisualStudioVersion = 16.0.30011.22
MinimumVisualStudioVersion = 10.0.40219.1
Project("{FAE04EC0-301F-11D3-BF4B-00C04F79EFBC}") = "PingDiagnostic", "PingDiagnostic\PingDiagnostic.csproj", "{E7477C48-866D-4B75-BF64-C90BF028B973}"
EndProject
Global
	GlobalSection(SolutionConfigurationPlatforms) = preSolution
		Debug|Any CPU = Debug|Any CPU
		Release|Any CPU = Release|Any CPU
	EndGlobalSection
	GlobalSection(ProjectConfigurationPlatforms) = postSolution
		{E7477C48-866D-4B75-BF64-C90BF028B973}.Debug|Any CPU.ActiveCfg = Debug|Any CPU
		{E7477C48-866D-4B75-BF64-C90BF028B973}.Debug|Any CPU.Build.0 = Debug|Any CPU
		{E7477C48-866D-4B75-BF64-C90BF028B973}.Release|Any CPU.ActiveCfg = Release|Any CPU
		{E7477C48-866D-4B75-BF64-C90BF028B973}.Release|Any CPU.Build.0 = Release|Any CPU
	EndGlobalSection
	GlobalSection(SolutionProperties) = preSolution
		HideSolutionNode = FALSE
	EndGlobalSection
	GlobalSection(ExtensibilityGlobals) = postSolution
		SolutionGuid = {30B83EDA-A428-4407-A7F6-40DAE6A5F5D0}
	EndGlobalSection
EndGlobal
